
Microsoft Visual Studio Solution File, Format Version 12.00
# Visual Studio 15
VisualStudioVersion = 15.0.27004.2002
MinimumVisualStudioVersion = 10.0.40219.1
Project("{FAE04EC0-301F-11D3-BF4B-00C04F79EFBC}") = "UnicodeCharacters", "UnicodeCharacters\UnicodeCharacters.csproj", "{01C932A4-7E13-4D97-ACDD-B2E0D6862B3B}"
EndProject
Global
	GlobalSection(SolutionConfigurationPlatforms) = preSolution
		Debug|Any CPU = Debug|Any CPU
		Release|Any CPU = Release|Any CPU
	EndGlobalSection
	GlobalSection(ProjectConfigurationPlatforms) = postSolution
		{01C932A4-7E13-4D97-ACDD-B2E0D6862B3B}.Debug|Any CPU.ActiveCfg = Debug|Any CPU
		{01C932A4-7E13-4D97-ACDD-B2E0D6862B3B}.Debug|Any CPU.Build.0 = Debug|Any CPU
		{01C932A4-7E13-4D97-ACDD-B2E0D6862B3B}.Release|Any CPU.ActiveCfg = Release|Any CPU
		{01C932A4-7E13-4D97-ACDD-B2E0D6862B3B}.Release|Any CPU.Build.0 = Release|Any CPU
	EndGlobalSection
	GlobalSection(SolutionProperties) = preSolution
		HideSolutionNode = FALSE
	EndGlobalSection
	GlobalSection(ExtensibilityGlobals) = postSolution
		SolutionGuid = {70AD1641-1D4E-403A-B09C-AE8AFC375D31}
	EndGlobalSection
EndGlobal
